
Microsoft Visual Studio Solution File, Format Version 12.00
# Visual Studio Version 16
VisualStudioVersion = 16.0.29709.97
MinimumVisualStudioVersion = 10.0.40219.1
Project("{9A19103F-16F7-4668-BE54-9A1E7A4F7556}") = "MPLibrary", "MPLibrary\MPLibrary.csproj", "{4867DCD5-4865-4A62-A5ED-DCBCCB9D022C}"
EndProject
Project("{FAE04EC0-301F-11D3-BF4B-00C04F79EFBC}") = "MPTool", "MPTool\MPTool.csproj", "{B0796772-286A-4867-91DA-D60B54170ED1}"
EndProject
Project("{FAE04EC0-301F-11D3-BF4B-00C04F79EFBC}") = "HSFConverter", "..\..\..\..\source\repos\MPLibrary\HSFConverter\HSFConverter.csproj", "{4A27B47D-920F-4ADA-86A0-CCB402D7632C}"
EndProject
Global
	GlobalSection(SolutionConfigurationPlatforms) = preSolution
		Debug|Any CPU = Debug|Any CPU
		Release|Any CPU = Release|Any CPU
	EndGlobalSection
	GlobalSection(ProjectConfigurationPlatforms) = postSolution
		{4867DCD5-4865-4A62-A5ED-DCBCCB9D022C}.Debug|Any CPU.ActiveCfg = Debug|Any CPU
		{4867DCD5-4865-4A62-A5ED-DCBCCB9D022C}.Debug|Any CPU.Build.0 = Debug|Any CPU
		{4867DCD5-4865-4A62-A5ED-DCBCCB9D022C}.Release|Any CPU.ActiveCfg = Release|Any CPU
		{4867DCD5-4865-4A62-A5ED-DCBCCB9D022C}.Release|Any CPU.Build.0 = Release|Any CPU
		{B0796772-286A-4867-91DA-D60B54170ED1}.Debug|Any CPU.ActiveCfg = Debug|Any CPU
		{B0796772-286A-4867-91DA-D60B54170ED1}.Debug|Any CPU.Build.0 = Debug|Any CPU
		{B0796772-286A-4867-91DA-D60B54170ED1}.Release|Any CPU.ActiveCfg = Release|Any CPU
		{B0796772-286A-4867-91DA-D60B54170ED1}.Release|Any CPU.Build.0 = Release|Any CPU
		{4A27B47D-920F-4ADA-86A0-CCB402D7632C}.Debug|Any CPU.ActiveCfg = Debug|Any CPU
		{4A27B47D-920F-4ADA-86A0-CCB402D7632C}.Debug|Any CPU.Build.0 = Debug|Any CPU
		{4A27B47D-920F-4ADA-86A0-CCB402D7632C}.Release|Any CPU.ActiveCfg = Release|Any CPU
		{4A27B47D-920F-4ADA-86A0-CCB402D7632C}.Release|Any CPU.Build.0 = Release|Any CPU
	EndGlobalSection
	GlobalSection(SolutionProperties) = preSolution
		HideSolutionNode = FALSE
	EndGlobalSection
	GlobalSection(ExtensibilityGlobals) = postSolution
		SolutionGuid = {B33AE293-063F-4054-ACE1-1E9DC14B214B}
	EndGlobalSection
EndGlobal
